Microsoft Visual Studio Solution File, Format Version 12.00
# Visual Studio 2012
Project("{FAE04EC0-301F-11D3-BF4B-00C04F79EFBC}") = "Pong", "Pong.csproj", "{324D2751-D863-49A1-BB8D-88FB115B959A}"
EndProject
Global
	GlobalSection(SolutionConfigurationPlatforms) = preSolution
	Debug|Any CPU = Debug|Any CPU
	ExportDebug|Any CPU = ExportDebug|Any CPU
	ExportRelease|Any CPU = ExportRelease|Any CPU
	EndGlobalSection
	GlobalSection(ProjectConfigurationPlatforms) = postSolution
		{324D2751-D863-49A1-BB8D-88FB115B959A}.Debug|Any CPU.ActiveCfg = Debug|Any CPU
		{324D2751-D863-49A1-BB8D-88FB115B959A}.Debug|Any CPU.Build.0 = Debug|Any CPU
		{324D2751-D863-49A1-BB8D-88FB115B959A}.ExportDebug|Any CPU.ActiveCfg = ExportDebug|Any CPU
		{324D2751-D863-49A1-BB8D-88FB115B959A}.ExportDebug|Any CPU.Build.0 = ExportDebug|Any CPU
		{324D2751-D863-49A1-BB8D-88FB115B959A}.ExportRelease|Any CPU.ActiveCfg = ExportRelease|Any CPU
		{324D2751-D863-49A1-BB8D-88FB115B959A}.ExportRelease|Any CPU.Build.0 = ExportRelease|Any CPU
	EndGlobalSection
EndGlobal
